
Microsoft Visual Studio Solution File, Format Version 12.00
# Visual Studio Version 17
VisualStudioVersion = 17.5.002.0
MinimumVisualStudioVersion = 10.0.40219.1
Project("{9A19103F-16F7-4668-BE54-9A1E7A4F7556}") = "creditorotativo", "creditorotativo.csproj", "{FFD77A05-8F9F-4372-8FD9-E80FDF1E8BCE}"
EndProject
Global
	GlobalSection(SolutionConfigurationPlatforms) = preSolution
		Debug|Any CPU = Debug|Any CPU
		Release|Any CPU = Release|Any CPU
	EndGlobalSection
	GlobalSection(ProjectConfigurationPlatforms) = postSolution
		{FFD77A05-8F9F-4372-8FD9-E80FDF1E8BCE}.Debug|Any CPU.ActiveCfg = Debug|Any CPU
		{FFD77A05-8F9F-4372-8FD9-E80FDF1E8BCE}.Debug|Any CPU.Build.0 = Debug|Any CPU
		{FFD77A05-8F9F-4372-8FD9-E80FDF1E8BCE}.Release|Any CPU.ActiveCfg = Release|Any CPU
		{FFD77A05-8F9F-4372-8FD9-E80FDF1E8BCE}.Release|Any CPU.Build.0 = Release|Any CPU
	EndGlobalSection
	GlobalSection(SolutionProperties) = preSolution
		HideSolutionNode = FALSE
	EndGlobalSection
	GlobalSection(ExtensibilityGlobals) = postSolution
		SolutionGuid = {A8F09AB0-C94A-48C8-A55D-FFB8F3053D2B}
	EndGlobalSection
EndGlobal
